
Microsoft Visual Studio Solution File, Format Version 12.00
# Visual Studio Version 17
VisualStudioVersion = 17.8.34322.80
MinimumVisualStudioVersion = 10.0.40219.1
Project("{8BC9CEB8-8B4A-11D0-8D11-00A0C91BC942}") = "OtherCode", "OtherCode\OtherCode.vcxproj", "{3707BB20-62E8-4376-85F5-9D1D87D5F6D3}"
EndProject
Global
	GlobalSection(SolutionConfigurationPlatforms) = preSolution
		Debug|x64 = Debug|x64
		Debug|x86 = Debug|x86
		Release|x64 = Release|x64
		Release|x86 = Release|x86
	EndGlobalSection
	GlobalSection(ProjectConfigurationPlatforms) = postSolution
		{3707BB20-62E8-4376-85F5-9D1D87D5F6D3}.Debug|x64.ActiveCfg = Debug|x64
		{3707BB20-62E8-4376-85F5-9D1D87D5F6D3}.Debug|x64.Build.0 = Debug|x64
		{3707BB20-62E8-4376-85F5-9D1D87D5F6D3}.Debug|x86.ActiveCfg = Debug|Win32
		{3707BB20-62E8-4376-85F5-9D1D87D5F6D3}.Debug|x86.Build.0 = Debug|Win32
		{3707BB20-62E8-4376-85F5-9D1D87D5F6D3}.Release|x64.ActiveCfg = Release|x64
		{3707BB20-62E8-4376-85F5-9D1D87D5F6D3}.Release|x64.Build.0 = Release|x64
		{3707BB20-62E8-4376-85F5-9D1D87D5F6D3}.Release|x86.ActiveCfg = Release|Win32
		{3707BB20-62E8-4376-85F5-9D1D87D5F6D3}.Release|x86.Build.0 = Release|Win32
	EndGlobalSection
	GlobalSection(SolutionProperties) = preSolution
		HideSolutionNode = FALSE
	EndGlobalSection
	GlobalSection(ExtensibilityGlobals) = postSolution
		SolutionGuid = {7820BA91-0A62-47F3-81BF-01BDA9309DC3}
	EndGlobalSection
EndGlobal
